
Microsoft Visual Studio Solution File, Format Version 12.00
# Visual Studio Version 16
VisualStudioVersion = 16.0.30907.101
MinimumVisualStudioVersion = 10.0.40219.1
Project("{FAE04EC0-301F-11D3-BF4B-00C04F79EFBC}") = "testproj", "testproj\testproj.csproj", "{46DCFAF9-D491-403A-B331-1A2D5F6FC702}"
EndProject
Global
	GlobalSection(SolutionConfigurationPlatforms) = preSolution
		Debug|Any CPU = Debug|Any CPU
		Release|Any CPU = Release|Any CPU
	EndGlobalSection
	GlobalSection(ProjectConfigurationPlatforms) = postSolution
		{46DCFAF9-D491-403A-B331-1A2D5F6FC702}.Debug|Any CPU.ActiveCfg = Debug|Any CPU
		{46DCFAF9-D491-403A-B331-1A2D5F6FC702}.Debug|Any CPU.Build.0 = Debug|Any CPU
		{46DCFAF9-D491-403A-B331-1A2D5F6FC702}.Release|Any CPU.ActiveCfg = Release|Any CPU
		{46DCFAF9-D491-403A-B331-1A2D5F6FC702}.Release|Any CPU.Build.0 = Release|Any CPU
	EndGlobalSection
	GlobalSection(SolutionProperties) = preSolution
		HideSolutionNode = FALSE
	EndGlobalSection
	GlobalSection(ExtensibilityGlobals) = postSolution
		SolutionGuid = {E45D08F3-9F35-4D1D-902C-C6D93317B5B7}
	EndGlobalSection
EndGlobal
